{
  "name": "@warehouse/backoffice",
  "version": "0.0.0",
  "lockfileVersion": 2,
  "requires": true,
  "packages": {
    "": {
      "name": "@warehouse/backoffice",
      "version": "0.0.0",
      "license": "ISC",
      "dependencies": {
        "@warehouse/core": "^0.0.0"
      }
    },
    "../../packages/core": {
      "name": "@warehouse/core",
      "version": "0.0.0",
      "license": "ISC",
      "dependencies": {
        "mysql2": "^2.3.3",
        "reflect-metadata": "^0.1.13",
        "sequelize": "^6.21.3",
        "sequelize-typescript": "^2.1.3"
      },
      "devDependencies": {
        "@types/node": "^18.0.4",
        "@types/validator": "^13.7.4"
      }
    },
    "../../packages/core/node_modules/@types/debug": {
      "version": "4.1.7",
      "license": "MIT",
      "dependencies": {
        "@types/ms": "*"
      }
    },
    "../../packages/core/node_modules/@types/ms": {
      "version": "0.7.31",
      "license": "MIT"
    },
    "../../packages/core/node_modules/@types/node": {
      "version": "18.0.4",
      "license": "MIT"
    },
    "../../packages/core/node_modules/@types/validator": {
      "version": "13.7.4",
      "license": "MIT"
    },
    "../../packages/core/node_modules/balanced-match": {
      "version": "1.0.2",
      "license": "MIT"
    },
    "../../packages/core/node_modules/brace-expansion": {
      "version": "1.1.11",
      "license": "MIT",
      "dependencies": {
        "balanced-match": "^1.0.0",
        "concat-map": "0.0.1"
      }
    },
    "../../packages/core/node_modules/concat-map": {
      "version": "0.0.1",
      "license": "MIT"
    },
    "../../packages/core/node_modules/debug": {
      "version": "4.3.4",
      "license": "MIT",
      "dependencies": {
        "ms": "2.1.2"
      },
      "engines": {
        "node": ">=6.0"
      },
      "peerDependenciesMeta": {
        "supports-color": {
          "optional": true
        }
      }
    },
    "../../packages/core/node_modules/denque": {
      "version": "2.0.1",
      "license": "Apache-2.0",
      "engines": {
        "node": ">=0.10"
      }
    },
    "../../packages/core/node_modules/dottie": {
      "version": "2.0.2",
      "license": "MIT"
    },
    "../../packages/core/node_modules/fs.realpath": {
      "version": "1.0.0",
      "license": "ISC"
    },
    "../../packages/core/node_modules/generate-function": {
      "version": "2.3.1",
      "license": "MIT",
      "dependencies": {
        "is-property": "^1.0.2"
      }
    },
    "../../packages/core/node_modules/glob": {
      "version": "7.2.0",
      "license": "ISC",
      "dependencies": {
        "fs.realpath": "^1.0.0",
        "inflight": "^1.0.4",
        "inherits": "2",
        "minimatch": "^3.0.4",
        "once": "^1.3.0",
        "path-is-absolute": "^1.0.0"
      },
      "engines": {
        "node": "*"
      },
      "funding": {
        "url": "https://github.com/sponsors/isaacs"
      }
    },
    "../../packages/core/node_modules/iconv-lite": {
      "version": "0.6.3",
      "license": "MIT",
      "dependencies": {
        "safer-buffer": ">= 2.1.2 < 3.0.0"
      },
      "engines": {
        "node": ">=0.10.0"
      }
    },
    "../../packages/core/node_modules/inflection": {
      "version": "1.13.2",
      "engines": [
        "node >= 0.4.0"
      ],
      "license": "MIT"
    },
    "../../packages/core/node_modules/inflight": {
      "version": "1.0.6",
      "license": "ISC",
      "dependencies": {
        "once": "^1.3.0",
        "wrappy": "1"
      }
    },
    "../../packages/core/node_modules/inherits": {
      "version": "2.0.4",
      "license": "ISC"
    },
    "../../packages/core/node_modules/is-property": {
      "version": "1.0.2",
      "license": "MIT"
    },
    "../../packages/core/node_modules/lodash": {
      "version": "4.17.21",
      "license": "MIT"
    },
    "../../packages/core/node_modules/long": {
      "version": "4.0.0",
      "license": "Apache-2.0"
    },
    "../../packages/core/node_modules/lru-cache": {
      "version": "6.0.0",
      "license": "ISC",
      "dependencies": {
        "yallist": "^4.0.0"
      },
      "engines": {
        "node": ">=10"
      }
    },
    "../../packages/core/node_modules/minimatch": {
      "version": "3.1.2",
      "license": "ISC",
      "dependencies": {
        "brace-expansion": "^1.1.7"
      },
      "engines": {
        "node": "*"
      }
    },
    "../../packages/core/node_modules/moment": {
      "version": "2.29.4",
      "license": "MIT",
      "engines": {
        "node": "*"
      }
    },
    "../../packages/core/node_modules/moment-timezone": {
      "version": "0.5.34",
      "license": "MIT",
      "dependencies": {
        "moment": ">= 2.9.0"
      },
      "engines": {
        "node": "*"
      }
    },
    "../../packages/core/node_modules/ms": {
      "version": "2.1.2",
      "license": "MIT"
    },
    "../../packages/core/node_modules/mysql2": {
      "version": "2.3.3",
      "license": "MIT",
      "dependencies": {
        "denque": "^2.0.1",
        "generate-function": "^2.3.1",
        "iconv-lite": "^0.6.3",
        "long": "^4.0.0",
        "lru-cache": "^6.0.0",
        "named-placeholders": "^1.1.2",
        "seq-queue": "^0.0.5",
        "sqlstring": "^2.3.2"
      },
      "engines": {
        "node": ">= 8.0"
      }
    },
    "../../packages/core/node_modules/named-placeholders": {
      "version": "1.1.2",
      "license": "MIT",
      "dependencies": {
        "lru-cache": "^4.1.3"
      },
      "engines": {
        "node": ">=6.0.0"
      }
    },
    "../../packages/core/node_modules/named-placeholders/node_modules/lru-cache": {
      "version": "4.1.5",
      "license": "ISC",
      "dependencies": {
        "pseudomap": "^1.0.2",
        "yallist": "^2.1.2"
      }
    },
    "../../packages/core/node_modules/named-placeholders/node_modules/yallist": {
      "version": "2.1.2",
      "license": "ISC"
    },
    "../../packages/core/node_modules/once": {
      "version": "1.4.0",
      "license": "ISC",
      "dependencies": {
        "wrappy": "1"
      }
    },
    "../../packages/core/node_modules/path-is-absolute": {
      "version": "1.0.1",
      "license": "MIT",
      "engines": {
        "node": ">=0.10.0"
      }
    },
    "../../packages/core/node_modules/pg-connection-string": {
      "version": "2.5.0",
      "license": "MIT"
    },
    "../../packages/core/node_modules/pseudomap": {
      "version": "1.0.2",
      "license": "ISC"
    },
    "../../packages/core/node_modules/reflect-metadata": {
      "version": "0.1.13",
      "license": "Apache-2.0"
    },
    "../../packages/core/node_modules/retry-as-promised": {
      "version": "5.0.0",
      "license": "MIT"
    },
    "../../packages/core/node_modules/safer-buffer": {
      "version": "2.1.2",
      "license": "MIT"
    },
    "../../packages/core/node_modules/semver": {
      "version": "7.3.7",
      "license": "ISC",
      "dependencies": {
        "lru-cache": "^6.0.0"
      },
      "bin": {
        "semver": "bin/semver.js"
      },
      "engines": {
        "node": ">=10"
      }
    },
    "../../packages/core/node_modules/seq-queue": {
      "version": "0.0.5"
    },
    "../../packages/core/node_modules/sequelize": {
      "version": "6.21.3",
      "funding": [
        {
          "type": "opencollective",
          "url": "https://opencollective.com/sequelize"
        }
      ],
      "license": "MIT",
      "dependencies": {
        "@types/debug": "^4.1.7",
        "@types/validator": "^13.7.1",
        "debug": "^4.3.3",
        "dottie": "^2.0.2",
        "inflection": "^1.13.2",
        "lodash": "^4.17.21",
        "moment": "^2.29.1",
        "moment-timezone": "^0.5.34",
        "pg-connection-string": "^2.5.0",
        "retry-as-promised": "^5.0.0",
        "semver": "^7.3.5",
        "sequelize-pool": "^7.1.0",
        "toposort-class": "^1.0.1",
        "uuid": "^8.3.2",
        "validator": "^13.7.0",
        "wkx": "^0.5.0"
      },
      "engines": {
        "node": ">=10.0.0"
      },
      "peerDependenciesMeta": {
        "ibm_db": {
          "optional": true
        },
        "mariadb": {
          "optional": true
        },
        "mysql2": {
          "optional": true
        },
        "pg": {
          "optional": true
        },
        "pg-hstore": {
          "optional": true
        },
        "snowflake-sdk": {
          "optional": true
        },
        "sqlite3": {
          "optional": true
        },
        "tedious": {
          "optional": true
        }
      }
    },
    "../../packages/core/node_modules/sequelize-pool": {
      "version": "7.1.0",
      "license": "MIT",
      "engines": {
        "node": ">= 10.0.0"
      }
    },
    "../../packages/core/node_modules/sequelize-typescript": {
      "version": "2.1.3",
      "license": "MIT",
      "dependencies": {
        "glob": "7.2.0"
      },
      "engines": {
        "node": ">=10.0.0"
      },
      "peerDependencies": {
        "@types/node": "*",
        "@types/validator": "*",
        "reflect-metadata": "*",
        "sequelize": ">=6.8.0"
      }
    },
    "../../packages/core/node_modules/sqlstring": {
      "version": "2.3.3",
      "license": "MIT",
      "engines": {
        "node": ">= 0.6"
      }
    },
    "../../packages/core/node_modules/toposort-class": {
      "version": "1.0.1",
      "license": "MIT"
    },
    "../../packages/core/node_modules/uuid": {
      "version": "8.3.2",
      "license": "MIT",
      "bin": {
        "uuid": "dist/bin/uuid"
      }
    },
    "../../packages/core/node_modules/validator": {
      "version": "13.7.0",
      "license": "MIT",
      "engines": {
        "node": ">= 0.10"
      }
    },
    "../../packages/core/node_modules/wkx": {
      "version": "0.5.0",
      "license": "MIT",
      "dependencies": {
        "@types/node": "*"
      }
    },
    "../../packages/core/node_modules/wrappy": {
      "version": "1.0.2",
      "license": "ISC"
    },
    "../../packages/core/node_modules/yallist": {
      "version": "4.0.0",
      "license": "ISC"
    },
    "node_modules/@warehouse/core": {
      "resolved": "../../packages/core",
      "link": true
    }
  },
  "dependencies": {
    "@warehouse/core": {
      "version": "file:../../packages/core",
      "requires": {
        "@types/node": "^18.0.4",
        "@types/validator": "^13.7.4",
        "mysql2": "^2.3.3",
        "reflect-metadata": "^0.1.13",
        "sequelize": "^6.21.3",
        "sequelize-typescript": "^2.1.3"
      },
      "dependencies": {
        "@types/debug": {
          "version": "4.1.7",
          "requires": {
            "@types/ms": "*"
          }
        },
        "@types/ms": {
          "version": "0.7.31"
        },
        "@types/node": {
          "version": "18.0.4"
        },
        "@types/validator": {
          "version": "13.7.4"
        },
        "balanced-match": {
          "version": "1.0.2"
        },
        "brace-expansion": {
          "version": "1.1.11",
          "requires": {
            "balanced-match": "^1.0.0",
            "concat-map": "0.0.1"
          }
        },
        "concat-map": {
          "version": "0.0.1"
        },
        "debug": {
          "version": "4.3.4",
          "requires": {
            "ms": "2.1.2"
          }
        },
        "denque": {
          "version": "2.0.1"
        },
        "dottie": {
          "version": "2.0.2"
        },
        "fs.realpath": {
          "version": "1.0.0"
        },
        "generate-function": {
          "version": "2.3.1",
          "requires": {
            "is-property": "^1.0.2"
          }
        },
        "glob": {
          "version": "7.2.0",
          "requires": {
            "fs.realpath": "^1.0.0",
            "inflight": "^1.0.4",
            "inherits": "2",
            "minimatch": "^3.0.4",
            "once": "^1.3.0",
            "path-is-absolute": "^1.0.0"
          }
        },
        "iconv-lite": {
          "version": "0.6.3",
          "requires": {
            "safer-buffer": ">= 2.1.2 < 3.0.0"
          }
        },
        "inflection": {
          "version": "1.13.2"
        },
        "inflight": {
          "version": "1.0.6",
          "requires": {
            "once": "^1.3.0",
            "wrappy": "1"
          }
        },
        "inherits": {
          "version": "2.0.4"
        },
        "is-property": {
          "version": "1.0.2"
        },
        "lodash": {
          "version": "4.17.21"
        },
        "long": {
          "version": "4.0.0"
        },
        "lru-cache": {
          "version": "6.0.0",
          "requires": {
            "yallist": "^4.0.0"
          }
        },
        "minimatch": {
          "version": "3.1.2",
          "requires": {
            "brace-expansion": "^1.1.7"
          }
        },
        "moment": {
          "version": "2.29.4"
        },
        "moment-timezone": {
          "version": "0.5.34",
          "requires": {
            "moment": ">= 2.9.0"
          }
        },
        "ms": {
          "version": "2.1.2"
        },
        "mysql2": {
          "version": "2.3.3",
          "requires": {
            "denque": "^2.0.1",
            "generate-function": "^2.3.1",
            "iconv-lite": "^0.6.3",
            "long": "^4.0.0",
            "lru-cache": "^6.0.0",
            "named-placeholders": "^1.1.2",
            "seq-queue": "^0.0.5",
            "sqlstring": "^2.3.2"
          }
        },
        "named-placeholders": {
          "version": "1.1.2",
          "requires": {
            "lru-cache": "^4.1.3"
          },
          "dependencies": {
            "lru-cache": {
              "version": "4.1.5",
              "requires": {
                "pseudomap": "^1.0.2",
                "yallist": "^2.1.2"
              }
            },
            "yallist": {
              "version": "2.1.2"
            }
          }
        },
        "once": {
          "version": "1.4.0",
          "requires": {
            "wrappy": "1"
          }
        },
        "path-is-absolute": {
          "version": "1.0.1"
        },
        "pg-connection-string": {
          "version": "2.5.0"
        },
        "pseudomap": {
          "version": "1.0.2"
        },
        "reflect-metadata": {
          "version": "0.1.13"
        },
        "retry-as-promised": {
          "version": "5.0.0"
        },
        "safer-buffer": {
          "version": "2.1.2"
        },
        "semver": {
          "version": "7.3.7",
          "requires": {
            "lru-cache": "^6.0.0"
          }
        },
        "seq-queue": {
          "version": "0.0.5"
        },
        "sequelize": {
          "version": "6.21.3",
          "requires": {
            "@types/debug": "^4.1.7",
            "@types/validator": "^13.7.1",
            "debug": "^4.3.3",
            "dottie": "^2.0.2",
            "inflection": "^1.13.2",
            "lodash": "^4.17.21",
            "moment": "^2.29.1",
            "moment-timezone": "^0.5.34",
            "pg-connection-string": "^2.5.0",
            "retry-as-promised": "^5.0.0",
            "semver": "^7.3.5",
            "sequelize-pool": "^7.1.0",
            "toposort-class": "^1.0.1",
            "uuid": "^8.3.2",
            "validator": "^13.7.0",
            "wkx": "^0.5.0"
          }
        },
        "sequelize-pool": {
          "version": "7.1.0"
        },
        "sequelize-typescript": {
          "version": "2.1.3",
          "requires": {
            "glob": "7.2.0"
          }
        },
        "sqlstring": {
          "version": "2.3.3"
        },
        "toposort-class": {
          "version": "1.0.1"
        },
        "uuid": {
          "version": "8.3.2"
        },
        "validator": {
          "version": "13.7.0"
        },
        "wkx": {
          "version": "0.5.0",
          "requires": {
            "@types/node": "*"
          }
        },
        "wrappy": {
          "version": "1.0.2"
        },
        "yallist": {
          "version": "4.0.0"
        }
      }
    }
  }
}
